name: relock

on:
  workflow_dispatch: null
  schedule:
    - cron: '*/30 * * * *'

concurrency: relock

jobs:
  relock:
    name: relock
    runs-on: "ubuntu-latest"
    outputs:
      relocked: ${{ steps.relock.outputs.relocked }}
    steps:
      - name: checkout
        uses: actions/checkout@v4
        with:
          token: ${{ secrets.GITHUB_TOKEN }}

      - name: download env and lockfile
        run: |
          wget https://raw.githubusercontent.com/regro/cf-scripts/main/environment.yml

      - name: relock env
        id: relock
        uses: beckermr/relock-conda@v5
        with:
          github-token: ${{ secrets.GITHUB_TOKEN }}
          action: file

      - name: upload conda-lock.yml to artifact
        if: steps.relock.outputs.relocked == 'true'
        uses: actions/upload-artifact@v4
        with:
          name: conda-lock.yml
          path: conda-lock.yml

  tests:
    needs: relock
    if: needs.relock.outputs.relocked == 'true'
    uses: regro/cf-scripts/.github/workflows/tests-reusable.yml@main
    with:
      lockfile: conda-lock.yml
      lockfile-is-artifact: true
    secrets:
      CODECOV_TOKEN: ""

  push:
    needs: [relock, tests]
    if: needs.relock.outputs.relocked == 'true'
    runs-on: ubuntu-latest
    steps:
      - name: checkout
        uses: actions/checkout@v4
        with:
          token: ${{ secrets.GITHUB_TOKEN }}

      - name: rm conda-lock.yml
        run: |
          rm -f conda-lock.yml

      - name: download conda-lock.yml
        uses: actions/download-artifact@v4
        with:
          name: conda-lock.yml
          path: new-lockfile

      - name: commit and push changes
        run: |
          mv new-lockfile/conda-lock.yml conda-lock.yml
          rm -rf new-lockfile

          git config --global user.name regro-cf-autotick-bot
          git config --global user.email 36490558+regro-cf-autotick-bot@users.noreply.github.com
          git config --global pull.rebase false

          git add conda-lock.yml
          git commit -m "relock w/ conda-lock.yml"

          for i in `seq 1 5`; do
            git pull -s recursive -X theirs --no-edit --commit || :
            git push || :
          done
